
Microsoft Visual Studio Solution File, Format Version 12.00
# Visual Studio 14
VisualStudioVersion = 14.0.25123.0
MinimumVisualStudioVersion = 10.0.40219.1
Project("{FAE04EC0-301F-11D3-BF4B-00C04F79EFBC}") = "01.Persons", "Persons\01.Persons.csproj", "{2C87BF77-4984-42AE-92BF-C5CE26854BD9}"
EndProject
Project("{FAE04EC0-301F-11D3-BF4B-00C04F79EFBC}") = "02.LaptopShop", "LaptopShop\02.LaptopShop.csproj", "{65A083F5-E7FD-4B52-B8F6-B0267EFBCF7C}"
EndProject
Project("{FAE04EC0-301F-11D3-BF4B-00C04F79EFBC}") = "03.PCCatalog", "PCCatalog\03.PCCatalog.csproj", "{6825B942-DC1A-4704-B5C7-17733FB260C8}"
EndProject
Project("{FAE04EC0-301F-11D3-BF4B-00C04F79EFBC}") = "04.SULS", "SULS\04.SULS.csproj", "{B6897BF6-1EC7-4FED-BFC3-2972FD2B30D9}"
EndProject
Project("{FAE04EC0-301F-11D3-BF4B-00C04F79EFBC}") = "Dog", "Dog\Dog.csproj", "{E583DC00-BF44-4EDF-9A4E-3D9CB8209CB7}"
EndProject
Global
	GlobalSection(SolutionConfigurationPlatforms) = preSolution
		Debug|Any CPU = Debug|Any CPU
		Release|Any CPU = Release|Any CPU
	EndGlobalSection
	GlobalSection(ProjectConfigurationPlatforms) = postSolution
		{2C87BF77-4984-42AE-92BF-C5CE26854BD9}.Debug|Any CPU.ActiveCfg = Debug|Any CPU
		{2C87BF77-4984-42AE-92BF-C5CE26854BD9}.Debug|Any CPU.Build.0 = Debug|Any CPU
		{2C87BF77-4984-42AE-92BF-C5CE26854BD9}.Release|Any CPU.ActiveCfg = Release|Any CPU
		{2C87BF77-4984-42AE-92BF-C5CE26854BD9}.Release|Any CPU.Build.0 = Release|Any CPU
		{65A083F5-E7FD-4B52-B8F6-B0267EFBCF7C}.Debug|Any CPU.ActiveCfg = Debug|Any CPU
		{65A083F5-E7FD-4B52-B8F6-B0267EFBCF7C}.Debug|Any CPU.Build.0 = Debug|Any CPU
		{65A083F5-E7FD-4B52-B8F6-B0267EFBCF7C}.Release|Any CPU.ActiveCfg = Release|Any CPU
		{65A083F5-E7FD-4B52-B8F6-B0267EFBCF7C}.Release|Any CPU.Build.0 = Release|Any CPU
		{6825B942-DC1A-4704-B5C7-17733FB260C8}.Debug|Any CPU.ActiveCfg = Debug|Any CPU
		{6825B942-DC1A-4704-B5C7-17733FB260C8}.Debug|Any CPU.Build.0 = Debug|Any CPU
		{6825B942-DC1A-4704-B5C7-17733FB260C8}.Release|Any CPU.ActiveCfg = Release|Any CPU
		{6825B942-DC1A-4704-B5C7-17733FB260C8}.Release|Any CPU.Build.0 = Release|Any CPU
		{B6897BF6-1EC7-4FED-BFC3-2972FD2B30D9}.Debug|Any CPU.ActiveCfg = Debug|Any CPU
		{B6897BF6-1EC7-4FED-BFC3-2972FD2B30D9}.Debug|Any CPU.Build.0 = Debug|Any CPU
		{B6897BF6-1EC7-4FED-BFC3-2972FD2B30D9}.Release|Any CPU.ActiveCfg = Release|Any CPU
		{B6897BF6-1EC7-4FED-BFC3-2972FD2B30D9}.Release|Any CPU.Build.0 = Release|Any CPU
		{E583DC00-BF44-4EDF-9A4E-3D9CB8209CB7}.Debug|Any CPU.ActiveCfg = Debug|Any CPU
		{E583DC00-BF44-4EDF-9A4E-3D9CB8209CB7}.Debug|Any CPU.Build.0 = Debug|Any CPU
		{E583DC00-BF44-4EDF-9A4E-3D9CB8209CB7}.Release|Any CPU.ActiveCfg = Release|Any CPU
		{E583DC00-BF44-4EDF-9A4E-3D9CB8209CB7}.Release|Any CPU.Build.0 = Release|Any CPU
	EndGlobalSection
	GlobalSection(SolutionProperties) = preSolution
		HideSolutionNode = FALSE
	EndGlobalSection
EndGlobal
