
Microsoft Visual Studio Solution File, Format Version 12.00
# Visual Studio 14
VisualStudioVersion = 14.0.25123.0
MinimumVisualStudioVersion = 10.0.40219.1
Project("{FAE04EC0-301F-11D3-BF4B-00C04F79EFBC}") = "RPGGameExercise", "RPGGameExercise\RPGGameExercise.csproj", "{C26312EC-A7EF-4615-A811-2677BAFB11FF}"
EndProject
Project("{FAE04EC0-301F-11D3-BF4B-00C04F79EFBC}") = "01.Point3D", "Point3D\01.Point3D.csproj", "{FBF5D2E3-139A-4905-8AE4-C0DB0C3A5DE1}"
EndProject
Project("{FAE04EC0-301F-11D3-BF4B-00C04F79EFBC}") = "02.DistanceCalculator", "DistanceCalculator\02.DistanceCalculator.csproj", "{B0CBE889-18D0-4D33-9972-B0B611280AFF}"
EndProject
Project("{FAE04EC0-301F-11D3-BF4B-00C04F79EFBC}") = "03.Paths", "Paths\03.Paths.csproj", "{662F770A-5384-4A60-BEAE-91D576BADE44}"
EndProject
Project("{FAE04EC0-301F-11D3-BF4B-00C04F79EFBC}") = "04.Geometry", "Geometry\04.Geometry.csproj", "{1B3E1AF1-DCF5-447E-9E9D-369285B5D40A}"
EndProject
Project("{FAE04EC0-301F-11D3-BF4B-00C04F79EFBC}") = "05.HTMLDispatcher", "HTMLDispatcher\05.HTMLDispatcher.csproj", "{EC84A76C-79AC-4076-BFBC-91E9B013D9CC}"
EndProject
Project("{FAE04EC0-301F-11D3-BF4B-00C04F79EFBC}") = "06.BitArray", "BitArray\06.BitArray.csproj", "{7EBA63ED-B642-462C-A6D0-6498962D56C5}"
EndProject
Global
	GlobalSection(SolutionConfigurationPlatforms) = preSolution
		Debug|Any CPU = Debug|Any CPU
		Release|Any CPU = Release|Any CPU
	EndGlobalSection
	GlobalSection(ProjectConfigurationPlatforms) = postSolution
		{C26312EC-A7EF-4615-A811-2677BAFB11FF}.Debug|Any CPU.ActiveCfg = Debug|Any CPU
		{C26312EC-A7EF-4615-A811-2677BAFB11FF}.Debug|Any CPU.Build.0 = Debug|Any CPU
		{C26312EC-A7EF-4615-A811-2677BAFB11FF}.Release|Any CPU.ActiveCfg = Release|Any CPU
		{C26312EC-A7EF-4615-A811-2677BAFB11FF}.Release|Any CPU.Build.0 = Release|Any CPU
		{FBF5D2E3-139A-4905-8AE4-C0DB0C3A5DE1}.Debug|Any CPU.ActiveCfg = Debug|Any CPU
		{FBF5D2E3-139A-4905-8AE4-C0DB0C3A5DE1}.Debug|Any CPU.Build.0 = Debug|Any CPU
		{FBF5D2E3-139A-4905-8AE4-C0DB0C3A5DE1}.Release|Any CPU.ActiveCfg = Release|Any CPU
		{FBF5D2E3-139A-4905-8AE4-C0DB0C3A5DE1}.Release|Any CPU.Build.0 = Release|Any CPU
		{B0CBE889-18D0-4D33-9972-B0B611280AFF}.Debug|Any CPU.ActiveCfg = Debug|Any CPU
		{B0CBE889-18D0-4D33-9972-B0B611280AFF}.Debug|Any CPU.Build.0 = Debug|Any CPU
		{B0CBE889-18D0-4D33-9972-B0B611280AFF}.Release|Any CPU.ActiveCfg = Release|Any CPU
		{B0CBE889-18D0-4D33-9972-B0B611280AFF}.Release|Any CPU.Build.0 = Release|Any CPU
		{662F770A-5384-4A60-BEAE-91D576BADE44}.Debug|Any CPU.ActiveCfg = Debug|Any CPU
		{662F770A-5384-4A60-BEAE-91D576BADE44}.Debug|Any CPU.Build.0 = Debug|Any CPU
		{662F770A-5384-4A60-BEAE-91D576BADE44}.Release|Any CPU.ActiveCfg = Release|Any CPU
		{662F770A-5384-4A60-BEAE-91D576BADE44}.Release|Any CPU.Build.0 = Release|Any CPU
		{1B3E1AF1-DCF5-447E-9E9D-369285B5D40A}.Debug|Any CPU.ActiveCfg = Debug|Any CPU
		{1B3E1AF1-DCF5-447E-9E9D-369285B5D40A}.Debug|Any CPU.Build.0 = Debug|Any CPU
		{1B3E1AF1-DCF5-447E-9E9D-369285B5D40A}.Release|Any CPU.ActiveCfg = Release|Any CPU
		{1B3E1AF1-DCF5-447E-9E9D-369285B5D40A}.Release|Any CPU.Build.0 = Release|Any CPU
		{EC84A76C-79AC-4076-BFBC-91E9B013D9CC}.Debug|Any CPU.ActiveCfg = Debug|Any CPU
		{EC84A76C-79AC-4076-BFBC-91E9B013D9CC}.Debug|Any CPU.Build.0 = Debug|Any CPU
		{EC84A76C-79AC-4076-BFBC-91E9B013D9CC}.Release|Any CPU.ActiveCfg = Release|Any CPU
		{EC84A76C-79AC-4076-BFBC-91E9B013D9CC}.Release|Any CPU.Build.0 = Release|Any CPU
		{7EBA63ED-B642-462C-A6D0-6498962D56C5}.Debug|Any CPU.ActiveCfg = Debug|Any CPU
		{7EBA63ED-B642-462C-A6D0-6498962D56C5}.Debug|Any CPU.Build.0 = Debug|Any CPU
		{7EBA63ED-B642-462C-A6D0-6498962D56C5}.Release|Any CPU.ActiveCfg = Release|Any CPU
		{7EBA63ED-B642-462C-A6D0-6498962D56C5}.Release|Any CPU.Build.0 = Release|Any CPU
	EndGlobalSection
	GlobalSection(SolutionProperties) = preSolution
		HideSolutionNode = FALSE
	EndGlobalSection
EndGlobal
